
Microsoft Visual Studio Solution File, Format Version 12.00
# Visual Studio 14
VisualStudioVersion = 14.0.25123.0
MinimumVisualStudioVersion = 10.0.40219.1
Project("{FAE04EC0-301F-11D3-BF4B-00C04F79EFBC}") = "SkillTreeHomeWork", "SkillTreeHomeWork\SkillTreeHomeWork.csproj", "{4AB579CF-FAE2-4FB0-939A-8B1D0D696431}"
EndProject
Global
	GlobalSection(SolutionConfigurationPlatforms) = preSolution
		Debug|Any CPU = Debug|Any CPU
		Release|Any CPU = Release|Any CPU
	EndGlobalSection
	GlobalSection(ProjectConfigurationPlatforms) = postSolution
		{4AB579CF-FAE2-4FB0-939A-8B1D0D696431}.Debug|Any CPU.ActiveCfg = Debug|Any CPU
		{4AB579CF-FAE2-4FB0-939A-8B1D0D696431}.Debug|Any CPU.Build.0 = Debug|Any CPU
		{4AB579CF-FAE2-4FB0-939A-8B1D0D696431}.Release|Any CPU.ActiveCfg = Release|Any CPU
		{4AB579CF-FAE2-4FB0-939A-8B1D0D696431}.Release|Any CPU.Build.0 = Release|Any CPU
	EndGlobalSection
	GlobalSection(SolutionProperties) = preSolution
		HideSolutionNode = FALSE
	EndGlobalSection
EndGlobal
